
Microsoft Visual Studio Solution File, Format Version 12.00
# Visual Studio 15
Project("{FAE04EC0-301F-11D3-BF4B-00C04F79EFBC}") = "ArduinoTestProject", "ArduinoTestProject.csproj", "{AD2ADBC7-5E3B-F159-EF88-2C7EAA78C505}"
EndProject
Project("{FAE04EC0-301F-11D3-BF4B-00C04F79EFBC}") = "ArduinoTestProject.Editor", "ArduinoTestProject.Editor.csproj", "{C25128FB-86DD-B4F5-E329-215F5D835AD7}"
EndProject
Global
	GlobalSection(SolutionConfigurationPlatforms) = preSolution
		Debug|Any CPU = Debug|Any CPU
		Release|Any CPU = Release|Any CPU
	EndGlobalSection
	GlobalSection(ProjectConfigurationPlatforms) = postSolution
		{AD2ADBC7-5E3B-F159-EF88-2C7EAA78C505}.Debug|Any CPU.ActiveCfg = Debug|Any CPU
		{AD2ADBC7-5E3B-F159-EF88-2C7EAA78C505}.Debug|Any CPU.Build.0 = Debug|Any CPU
		{AD2ADBC7-5E3B-F159-EF88-2C7EAA78C505}.Release|Any CPU.ActiveCfg = Release|Any CPU
		{AD2ADBC7-5E3B-F159-EF88-2C7EAA78C505}.Release|Any CPU.Build.0 = Release|Any CPU
		{C25128FB-86DD-B4F5-E329-215F5D835AD7}.Debug|Any CPU.ActiveCfg = Debug|Any CPU
		{C25128FB-86DD-B4F5-E329-215F5D835AD7}.Debug|Any CPU.Build.0 = Debug|Any CPU
		{C25128FB-86DD-B4F5-E329-215F5D835AD7}.Release|Any CPU.ActiveCfg = Release|Any CPU
		{C25128FB-86DD-B4F5-E329-215F5D835AD7}.Release|Any CPU.Build.0 = Release|Any CPU
	EndGlobalSection
	GlobalSection(SolutionProperties) = preSolution
		HideSolutionNode = FALSE
	EndGlobalSection
EndGlobal
